
Microsoft Visual Studio Solution File, Format Version 12.00
# Visual Studio Version 16
VisualStudioVersion = 16.0.30907.101
MinimumVisualStudioVersion = 10.0.40219.1
Project("{2150E333-8FDC-42A3-9474-1A3956D46DE8}") = ".docker", ".docker", "{3D248669-E723-4B1A-8387-76AEB49AE996}"
	ProjectSection(SolutionItems) = preProject
		docker-compose.yml = docker-compose.yml
	EndProjectSection
EndProject
Project("{9A19103F-16F7-4668-BE54-9A1E7A4F7556}") = "MongoDbTrigger", "MongoDbTrigger\MongoDbTrigger.csproj", "{5A25DE21-5EF9-4BF4-A046-D4395BB59180}"
EndProject
Project("{9A19103F-16F7-4668-BE54-9A1E7A4F7556}") = "MongoDbFunction", "MongoDbFunction\MongoDbFunction.csproj", "{559051AF-9B0F-4AB2-A1E0-EA0CEDF697C9}"
EndProject
Global
	GlobalSection(SolutionConfigurationPlatforms) = preSolution
		Debug|Any CPU = Debug|Any CPU
		Release|Any CPU = Release|Any CPU
	EndGlobalSection
	GlobalSection(ProjectConfigurationPlatforms) = postSolution
		{5A25DE21-5EF9-4BF4-A046-D4395BB59180}.Debug|Any CPU.ActiveCfg = Debug|Any CPU
		{5A25DE21-5EF9-4BF4-A046-D4395BB59180}.Debug|Any CPU.Build.0 = Debug|Any CPU
		{5A25DE21-5EF9-4BF4-A046-D4395BB59180}.Release|Any CPU.ActiveCfg = Release|Any CPU
		{5A25DE21-5EF9-4BF4-A046-D4395BB59180}.Release|Any CPU.Build.0 = Release|Any CPU
		{559051AF-9B0F-4AB2-A1E0-EA0CEDF697C9}.Debug|Any CPU.ActiveCfg = Debug|Any CPU
		{559051AF-9B0F-4AB2-A1E0-EA0CEDF697C9}.Debug|Any CPU.Build.0 = Debug|Any CPU
		{559051AF-9B0F-4AB2-A1E0-EA0CEDF697C9}.Release|Any CPU.ActiveCfg = Release|Any CPU
		{559051AF-9B0F-4AB2-A1E0-EA0CEDF697C9}.Release|Any CPU.Build.0 = Release|Any CPU
	EndGlobalSection
	GlobalSection(SolutionProperties) = preSolution
		HideSolutionNode = FALSE
	EndGlobalSection
	GlobalSection(ExtensibilityGlobals) = postSolution
		SolutionGuid = {E65A4DB9-BC46-4BA9-B910-3445A81C911A}
	EndGlobalSection
EndGlobal
