
Microsoft Visual Studio Solution File, Format Version 12.00
# Visual Studio Version 16
VisualStudioVersion = 16.0.30907.101
MinimumVisualStudioVersion = 10.0.40219.1
Project("{2150E333-8FDC-42A3-9474-1A3956D46DE8}") = ".docker", ".docker", "{3D248669-E723-4B1A-8387-76AEB49AE996}"
	ProjectSection(SolutionItems) = preProject
		docker-compose.yml = docker-compose.yml
	EndProjectSection
EndProject
Project("{9A19103F-16F7-4668-BE54-9A1E7A4F7556}") = "MongoDbTrigger", "MongoDbTrigger\MongoDbTrigger.csproj", "{5A25DE21-5EF9-4BF4-A046-D4395BB59180}"
EndProject
Project("{9A19103F-16F7-4668-BE54-9A1E7A4F7556}") = "MongoDbFunction", "MongoDbFunction\MongoDbFunction.csproj", "{559051AF-9B0F-4AB2-A1E0-EA0CEDF697C9}"
EndProject
Project("{2150E333-8FDC-42A3-9474-1A3956D46DE8}") = "Examples", "Examples", "{91B258A5-5896-4C56-9F15-65E7B82F716F}"
EndProject
Project("{9A19103F-16F7-4668-BE54-9A1E7A4F7556}") = "MongoDbMonitor", "MongoDbMonitor\MongoDbMonitor.csproj", "{8EE8C342-3C60-4EB7-90F5-8F0EFFC27375}"
EndProject
Project("{2150E333-8FDC-42A3-9474-1A3956D46DE8}") = "Source", "Source", "{93D107A4-8CC0-42FA-9610-5C60F7AA66E3}"
EndProject
Project("{2150E333-8FDC-42A3-9474-1A3956D46DE8}") = "Test", "Test", "{4AEB8AB0-35EE-404C-B20D-7A1F18D23DC0}"
EndProject
Project("{FAE04EC0-301F-11D3-BF4B-00C04F79EFBC}") = "MongoDbMonitorTest", "MongoDbMonitorTest\MongoDbMonitorTest.csproj", "{2035335F-4BF4-43DE-A9D6-3566FF7EDB42}"
EndProject
Global
	GlobalSection(SolutionConfigurationPlatforms) = preSolution
		Debug|Any CPU = Debug|Any CPU
		Release|Any CPU = Release|Any CPU
	EndGlobalSection
	GlobalSection(ProjectConfigurationPlatforms) = postSolution
		{5A25DE21-5EF9-4BF4-A046-D4395BB59180}.Debug|Any CPU.ActiveCfg = Debug|Any CPU
		{5A25DE21-5EF9-4BF4-A046-D4395BB59180}.Debug|Any CPU.Build.0 = Debug|Any CPU
		{5A25DE21-5EF9-4BF4-A046-D4395BB59180}.Release|Any CPU.ActiveCfg = Release|Any CPU
		{5A25DE21-5EF9-4BF4-A046-D4395BB59180}.Release|Any CPU.Build.0 = Release|Any CPU
		{559051AF-9B0F-4AB2-A1E0-EA0CEDF697C9}.Debug|Any CPU.ActiveCfg = Debug|Any CPU
		{559051AF-9B0F-4AB2-A1E0-EA0CEDF697C9}.Debug|Any CPU.Build.0 = Debug|Any CPU
		{559051AF-9B0F-4AB2-A1E0-EA0CEDF697C9}.Release|Any CPU.ActiveCfg = Release|Any CPU
		{559051AF-9B0F-4AB2-A1E0-EA0CEDF697C9}.Release|Any CPU.Build.0 = Release|Any CPU
		{8EE8C342-3C60-4EB7-90F5-8F0EFFC27375}.Debug|Any CPU.ActiveCfg = Debug|Any CPU
		{8EE8C342-3C60-4EB7-90F5-8F0EFFC27375}.Debug|Any CPU.Build.0 = Debug|Any CPU
		{8EE8C342-3C60-4EB7-90F5-8F0EFFC27375}.Release|Any CPU.ActiveCfg = Release|Any CPU
		{8EE8C342-3C60-4EB7-90F5-8F0EFFC27375}.Release|Any CPU.Build.0 = Release|Any CPU
		{2035335F-4BF4-43DE-A9D6-3566FF7EDB42}.Debug|Any CPU.ActiveCfg = Debug|Any CPU
		{2035335F-4BF4-43DE-A9D6-3566FF7EDB42}.Debug|Any CPU.Build.0 = Debug|Any CPU
		{2035335F-4BF4-43DE-A9D6-3566FF7EDB42}.Release|Any CPU.ActiveCfg = Release|Any CPU
		{2035335F-4BF4-43DE-A9D6-3566FF7EDB42}.Release|Any CPU.Build.0 = Release|Any CPU
	EndGlobalSection
	GlobalSection(SolutionProperties) = preSolution
		HideSolutionNode = FALSE
	EndGlobalSection
	GlobalSection(NestedProjects) = preSolution
		{5A25DE21-5EF9-4BF4-A046-D4395BB59180} = {93D107A4-8CC0-42FA-9610-5C60F7AA66E3}
		{559051AF-9B0F-4AB2-A1E0-EA0CEDF697C9} = {91B258A5-5896-4C56-9F15-65E7B82F716F}
		{8EE8C342-3C60-4EB7-90F5-8F0EFFC27375} = {93D107A4-8CC0-42FA-9610-5C60F7AA66E3}
		{2035335F-4BF4-43DE-A9D6-3566FF7EDB42} = {4AEB8AB0-35EE-404C-B20D-7A1F18D23DC0}
	EndGlobalSection
	GlobalSection(ExtensibilityGlobals) = postSolution
		SolutionGuid = {E65A4DB9-BC46-4BA9-B910-3445A81C911A}
	EndGlobalSection
EndGlobal
